
Microsoft Visual Studio Solution File, Format Version 12.00
# Visual Studio Version 17
VisualStudioVersion = 17.6.33723.286
MinimumVisualStudioVersion = 10.0.40219.1
Project("{FAE04EC0-301F-11D3-BF4B-00C04F79EFBC}") = "Leon.Webshop", "Leon.Webshop.csproj", "{AB716668-91E5-4E79-B6E5-333A27746F0C}"
EndProject
Global
	GlobalSection(SolutionConfigurationPlatforms) = preSolution
		Debug|Any CPU = Debug|Any CPU
		Release|Any CPU = Release|Any CPU
	EndGlobalSection
	GlobalSection(ProjectConfigurationPlatforms) = postSolution
		{AB716668-91E5-4E79-B6E5-333A27746F0C}.Debug|Any CPU.ActiveCfg = Debug|Any CPU
		{AB716668-91E5-4E79-B6E5-333A27746F0C}.Debug|Any CPU.Build.0 = Debug|Any CPU
		{AB716668-91E5-4E79-B6E5-333A27746F0C}.Release|Any CPU.ActiveCfg = Release|Any CPU
		{AB716668-91E5-4E79-B6E5-333A27746F0C}.Release|Any CPU.Build.0 = Release|Any CPU
	EndGlobalSection
	GlobalSection(SolutionProperties) = preSolution
		HideSolutionNode = FALSE
	EndGlobalSection
	GlobalSection(ExtensibilityGlobals) = postSolution
		SolutionGuid = {A30F5375-24C9-49EA-8B98-19CA80E56283}
	EndGlobalSection
EndGlobal
